<Solution>
  <Project Path="Permissions.Api/Permissions.Api.csproj" />
  <Project Path="Permissions.Application.Tests/Permissions.Application.Tests.csproj" />
  <Project Path="Permissions.Application/Permissions.Application.csproj" />
  <Project Path="Permissions.Domain.Tests/Permissions.Domain.Tests.csproj" />
  <Project Path="Permissions.Domain/Permissions.Domain.csproj" />
  <Project Path="Permissions.Infrastructure/Permissions.Infrastructure.csproj" />
</Solution>
